{
  "version": "4",
  "specifiers": {
    "jsr:@std/assert@^1.0.7": "1.0.8",
    "jsr:@std/assert@^1.0.8": "1.0.9",
    "jsr:@std/assert@^1.0.9": "1.0.9",
    "jsr:@std/data-structures@^1.0.4": "1.0.4",
    "jsr:@std/fs@^1.0.6": "1.0.6",
    "jsr:@std/internal@^1.0.5": "1.0.5",
    "jsr:@std/path@^1.0.8": "1.0.8",
    "jsr:@std/testing@*": "1.0.4",
    "jsr:@std/testing@^1.0.6": "1.0.6",
    "npm:@hono/swagger-ui@*": "0.4.1_hono@4.5.10",
    "npm:@hono/zod-openapi@*": "0.16.0_hono@4.5.10_zod@3.23.8",
    "npm:hono@*": "4.5.10",
    "npm:zod@*": "3.23.8"
  },
  "jsr": {
    "@std/assert@1.0.8": {
      "integrity": "ebe0bd7eb488ee39686f77003992f389a06c3da1bbd8022184804852b2fa641b",
      "dependencies": [
        "jsr:@std/internal"
      ]
    },
    "@std/assert@1.0.9": {
      "integrity": "a9f0c611a869cc791b26f523eec54c7e187aab7932c2c8e8bea0622d13680dcd",
      "dependencies": [
        "jsr:@std/internal"
      ]
    },
    "@std/data-structures@1.0.4": {
      "integrity": "fa0e20c11eb9ba673417450915c750a0001405a784e2a4e0c3725031681684a0"
    },
    "@std/fs@1.0.6": {
      "integrity": "42b56e1e41b75583a21d5a37f6a6a27de9f510bcd36c0c85791d685ca0b85fa2",
      "dependencies": [
        "jsr:@std/path"
      ]
    },
    "@std/internal@1.0.5": {
      "integrity": "54a546004f769c1ac9e025abd15a76b6671ddc9687e2313b67376125650dc7ba"
    },
    "@std/path@1.0.8": {
      "integrity": "548fa456bb6a04d3c1a1e7477986b6cffbce95102d0bb447c67c4ee70e0364be"
    },
    "@std/testing@1.0.4": {
      "integrity": "ca1368d720b183f572d40c469bb9faf09643ddd77b54f8b44d36ae6b94940576",
      "dependencies": [
        "jsr:@std/assert@^1.0.7",
        "jsr:@std/internal"
      ]
    },
    "@std/testing@1.0.6": {
      "integrity": "9192ded2d34065f4c959fdc1921fe836770abb9194410c2cc8a0fff4eff5c893",
      "dependencies": [
        "jsr:@std/assert@^1.0.9",
        "jsr:@std/data-structures",
        "jsr:@std/fs",
        "jsr:@std/internal",
        "jsr:@std/path"
      ]
    }
  },
  "npm": {
    "@asteasolutions/zod-to-openapi@7.1.1_zod@3.23.8": {
      "integrity": "sha512-lF0d1gAc0lYLO9/BAGivwTwE2Sh9h6CHuDcbk5KnGBfIuAsAkDC+Fdat4dkQY3CS/zUWKHRmFEma0B7X132Ymw==",
      "dependencies": [
        "openapi3-ts",
        "zod"
      ]
    },
    "@hono/swagger-ui@0.4.1_hono@4.5.10": {
      "integrity": "sha512-kPaJatHffeYQ3yVkHo878hCqwfapqx54FczJVJ+eRWt8J4biyVVMIdCAJb6MyA8bcnHUoTmUpPc7OJAV1VTg2g==",
      "dependencies": [
        "hono"
      ]
    },
    "@hono/zod-openapi@0.16.0_hono@4.5.10_zod@3.23.8": {
      "integrity": "sha512-jTnccfMTxDmA50FZeyTDD5oNDpcYo0qPzugwMuinnEQRYHLEqOXLv+sP89KNZWCGcL3Ccl+cr5GGE4yxenozqw==",
      "dependencies": [
        "@asteasolutions/zod-to-openapi",
        "@hono/zod-validator",
        "hono",
        "zod"
      ]
    },
    "@hono/zod-validator@0.2.2_hono@4.5.10_zod@3.23.8": {
      "integrity": "sha512-dSDxaPV70Py8wuIU2QNpoVEIOSzSXZ/6/B/h4xA7eOMz7+AarKTSGV8E6QwrdcCbBLkpqfJ4Q2TmBO0eP1tCBQ==",
      "dependencies": [
        "hono",
        "zod"
      ]
    },
    "hono@4.5.10": {
      "integrity": "sha512-az6tdU1U8o/l0v8O37FIQuc+ER/TeD9vHt/qs8JnBDgMxw6Zu5L2AixUyHeXZNcu87r7iYo8Ey85R7IogOINKA=="
    },
    "openapi3-ts@4.4.0": {
      "integrity": "sha512-9asTNB9IkKEzWMcHmVZE7Ts3kC9G7AFHfs8i7caD8HbI76gEjdkId4z/AkP83xdZsH7PLAnnbl47qZkXuxpArw==",
      "dependencies": [
        "yaml"
      ]
    },
    "yaml@2.5.0": {
      "integrity": "sha512-2wWLbGbYDiSqqIKoPjar3MPgB94ErzCtrNE1FdqGuaO0pi2JGjmE8aW8TDZwzU7vuxcGRdL/4gPQwQ7hD5AMSw=="
    },
    "zod@3.23.8": {
      "integrity": "sha512-XBx9AXhXktjUqnepgTiE5flcKIYWi/rme0Eaj+5Y0lftuGBq+jyRu/md4WnuxqgP1ubdpNCsYEYPxrzVHD8d6g=="
    }
  },
  "remote": {
    "https://deno.land/x/zod@v3.16.1/ZodError.ts": "6e56e6416bbbad3539b577b7636dc198e5d87cf59f1ceb4e7b58d1d38190c2f7",
    "https://deno.land/x/zod@v3.16.1/external.ts": "433e13ff774fef22d416027308db33cacb719774898372ec5faa32bb572f11dc",
    "https://deno.land/x/zod@v3.16.1/helpers/errorUtil.ts": "7a77328240be7b847af6de9189963bd9f79cab32bbc61502a9db4fe6683e2ea7",
    "https://deno.land/x/zod@v3.16.1/helpers/parseUtil.ts": "2611b41b579f551fcf0799415f9793709637bc7c7778bf53aab73cea92e859db",
    "https://deno.land/x/zod@v3.16.1/helpers/partialUtil.ts": "8dc921a02b47384cf52217c7e539268daf619f89319b75bdf13ea178815725df",
    "https://deno.land/x/zod@v3.16.1/helpers/typeAliases.ts": "a1a8d039eb98925f242f5ea1e21e6d3cabd7f05e9747680165c914695c979b4f",
    "https://deno.land/x/zod@v3.16.1/helpers/util.ts": "1d28cc4dfde641f20d8544a1a747cf745d5eda0c5cdeaca8a29837991254a67d",
    "https://deno.land/x/zod@v3.16.1/index.ts": "035a7422d9f2be54daa0fe464254b69225b443000673e4794095d672471e8792",
    "https://deno.land/x/zod@v3.16.1/mod.ts": "64e55237cb4410e17d968cd08975566059f27638ebb0b86048031b987ba251c4",
    "https://deno.land/x/zod@v3.16.1/types.ts": "fff4c7909b1919989c4cc1abe6218dfbdb53e197cacb2dfad2831dbd71dc56d2"
  },
  "workspace": {
    "dependencies": [
      "jsr:@std/assert@^1.0.8",
      "jsr:@std/testing@^1.0.6",
      "npm:@hono/swagger-ui@*",
      "npm:@hono/zod-openapi@*",
      "npm:hono@*",
      "npm:zod@*"
    ]
  }
}
